
Microsoft Visual Studio Solution File, Format Version 12.00
# Visual Studio Version 16
VisualStudioVersion = 16.0.31205.134
MinimumVisualStudioVersion = 10.0.40219.1
Project("{6EC3EE1D-3C4E-46DD-8F32-0CC8E7565705}") = "M3U8Parser", "M3U8Parser\M3U8Parser.fsproj", "{2D4D1E9D-A18D-4200-8729-2C21141A62CA}"
EndProject
Project("{F2A71F9B-5D33-465A-A702-920D77279786}") = "M3U8Parser.Tests", "M3U8Parser.Tests\M3U8Parser.Tests.fsproj", "{00C322B9-D604-4659-AF88-2C59E6D04864}"
EndProject
Global
	GlobalSection(SolutionConfigurationPlatforms) = preSolution
		Debug|Any CPU = Debug|Any CPU
		Release|Any CPU = Release|Any CPU
	EndGlobalSection
	GlobalSection(ProjectConfigurationPlatforms) = postSolution
		{2D4D1E9D-A18D-4200-8729-2C21141A62CA}.Debug|Any CPU.ActiveCfg = Debug|Any CPU
		{2D4D1E9D-A18D-4200-8729-2C21141A62CA}.Debug|Any CPU.Build.0 = Debug|Any CPU
		{2D4D1E9D-A18D-4200-8729-2C21141A62CA}.Release|Any CPU.ActiveCfg = Release|Any CPU
		{2D4D1E9D-A18D-4200-8729-2C21141A62CA}.Release|Any CPU.Build.0 = Release|Any CPU
		{00C322B9-D604-4659-AF88-2C59E6D04864}.Debug|Any CPU.ActiveCfg = Debug|Any CPU
		{00C322B9-D604-4659-AF88-2C59E6D04864}.Debug|Any CPU.Build.0 = Debug|Any CPU
		{00C322B9-D604-4659-AF88-2C59E6D04864}.Release|Any CPU.ActiveCfg = Release|Any CPU
		{00C322B9-D604-4659-AF88-2C59E6D04864}.Release|Any CPU.Build.0 = Release|Any CPU
	EndGlobalSection
	GlobalSection(SolutionProperties) = preSolution
		HideSolutionNode = FALSE
	EndGlobalSection
	GlobalSection(ExtensibilityGlobals) = postSolution
		SolutionGuid = {C11CD2B4-D3D6-46EC-BBD7-D4E153055D0D}
	EndGlobalSection
EndGlobal
